
Microsoft Visual Studio Solution File, Format Version 12.00
# Visual Studio Version 16
VisualStudioVersion = 16.0.31729.503
MinimumVisualStudioVersion = 10.0.40219.1
Project("{FAE04EC0-301F-11D3-BF4B-00C04F79EFBC}") = "Grantor", "Grantor.csproj", "{615C6FC5-A3D0-4151-A77C-E1CBEAD430B5}"
EndProject
Project("{FAE04EC0-301F-11D3-BF4B-00C04F79EFBC}") = "DataAcessLayer", "..\DataAcessLayer\DataAcessLayer.csproj", "{17E4ACEB-E1BE-47E3-9F5E-47E1EC8F2A34}"
EndProject
Project("{FAE04EC0-301F-11D3-BF4B-00C04F79EFBC}") = "BussinesLayer", "..\BussinesLayer\BussinesLayer.csproj", "{9F5F680C-05CC-4BB7-845E-FACE85319953}"
EndProject
Project("{FAE04EC0-301F-11D3-BF4B-00C04F79EFBC}") = "EntityLayer", "..\EntityLayer\EntityLayer.csproj", "{0F648A84-E998-41A5-BF32-4F11BE0EA6D8}"
EndProject
Project("{FAE04EC0-301F-11D3-BF4B-00C04F79EFBC}") = "CoreLayer", "..\CoreLayer\CoreLayer.csproj", "{C393E533-861A-45B3-BACC-FBF3F8A663F7}"
EndProject
Global
	GlobalSection(SolutionConfigurationPlatforms) = preSolution
		Debug|Any CPU = Debug|Any CPU
		Release|Any CPU = Release|Any CPU
	EndGlobalSection
	GlobalSection(ProjectConfigurationPlatforms) = postSolution
		{615C6FC5-A3D0-4151-A77C-E1CBEAD430B5}.Debug|Any CPU.ActiveCfg = Debug|Any CPU
		{615C6FC5-A3D0-4151-A77C-E1CBEAD430B5}.Debug|Any CPU.Build.0 = Debug|Any CPU
		{615C6FC5-A3D0-4151-A77C-E1CBEAD430B5}.Release|Any CPU.ActiveCfg = Release|Any CPU
		{615C6FC5-A3D0-4151-A77C-E1CBEAD430B5}.Release|Any CPU.Build.0 = Release|Any CPU
		{17E4ACEB-E1BE-47E3-9F5E-47E1EC8F2A34}.Debug|Any CPU.ActiveCfg = Debug|Any CPU
		{17E4ACEB-E1BE-47E3-9F5E-47E1EC8F2A34}.Debug|Any CPU.Build.0 = Debug|Any CPU
		{17E4ACEB-E1BE-47E3-9F5E-47E1EC8F2A34}.Release|Any CPU.ActiveCfg = Release|Any CPU
		{17E4ACEB-E1BE-47E3-9F5E-47E1EC8F2A34}.Release|Any CPU.Build.0 = Release|Any CPU
		{9F5F680C-05CC-4BB7-845E-FACE85319953}.Debug|Any CPU.ActiveCfg = Debug|Any CPU
		{9F5F680C-05CC-4BB7-845E-FACE85319953}.Debug|Any CPU.Build.0 = Debug|Any CPU
		{9F5F680C-05CC-4BB7-845E-FACE85319953}.Release|Any CPU.ActiveCfg = Release|Any CPU
		{9F5F680C-05CC-4BB7-845E-FACE85319953}.Release|Any CPU.Build.0 = Release|Any CPU
		{0F648A84-E998-41A5-BF32-4F11BE0EA6D8}.Debug|Any CPU.ActiveCfg = Debug|Any CPU
		{0F648A84-E998-41A5-BF32-4F11BE0EA6D8}.Debug|Any CPU.Build.0 = Debug|Any CPU
		{0F648A84-E998-41A5-BF32-4F11BE0EA6D8}.Release|Any CPU.ActiveCfg = Release|Any CPU
		{0F648A84-E998-41A5-BF32-4F11BE0EA6D8}.Release|Any CPU.Build.0 = Release|Any CPU
		{C393E533-861A-45B3-BACC-FBF3F8A663F7}.Debug|Any CPU.ActiveCfg = Debug|Any CPU
		{C393E533-861A-45B3-BACC-FBF3F8A663F7}.Debug|Any CPU.Build.0 = Debug|Any CPU
		{C393E533-861A-45B3-BACC-FBF3F8A663F7}.Release|Any CPU.ActiveCfg = Release|Any CPU
		{C393E533-861A-45B3-BACC-FBF3F8A663F7}.Release|Any CPU.Build.0 = Release|Any CPU
	EndGlobalSection
	GlobalSection(SolutionProperties) = preSolution
		HideSolutionNode = FALSE
	EndGlobalSection
	GlobalSection(ExtensibilityGlobals) = postSolution
		SolutionGuid = {E40A7F01-99AB-431E-BCE6-A2C2B866A2D4}
	EndGlobalSection
EndGlobal
